
Microsoft Visual Studio Solution File, Format Version 12.00
# Visual Studio Version 17
VisualStudioVersion = 17.7.34031.279
MinimumVisualStudioVersion = 10.0.40219.1
Project("{FAE04EC0-301F-11D3-BF4B-00C04F79EFBC}") = "P4_2_714220050", "P4_2_714220050\P4_2_714220050.csproj", "{9646CEFC-7578-4002-A277-3D2E514C2B58}"
EndProject
Global
	GlobalSection(SolutionConfigurationPlatforms) = preSolution
		Debug|Any CPU = Debug|Any CPU
		Release|Any CPU = Release|Any CPU
	EndGlobalSection
	GlobalSection(ProjectConfigurationPlatforms) = postSolution
		{9646CEFC-7578-4002-A277-3D2E514C2B58}.Debug|Any CPU.ActiveCfg = Debug|Any CPU
		{9646CEFC-7578-4002-A277-3D2E514C2B58}.Debug|Any CPU.Build.0 = Debug|Any CPU
		{9646CEFC-7578-4002-A277-3D2E514C2B58}.Release|Any CPU.ActiveCfg = Release|Any CPU
		{9646CEFC-7578-4002-A277-3D2E514C2B58}.Release|Any CPU.Build.0 = Release|Any CPU
	EndGlobalSection
	GlobalSection(SolutionProperties) = preSolution
		HideSolutionNode = FALSE
	EndGlobalSection
	GlobalSection(ExtensibilityGlobals) = postSolution
		SolutionGuid = {856E22E0-3FBE-43A5-A0D8-7A557A6EA9A6}
	EndGlobalSection
EndGlobal
