
Microsoft Visual Studio Solution File, Format Version 12.00
# Visual Studio Version 17
VisualStudioVersion = 17.7.34031.279
MinimumVisualStudioVersion = 10.0.40219.1
Project("{FAE04EC0-301F-11D3-BF4B-00C04F79EFBC}") = "P10_1_714220050", "P10_1_714220050\P10_1_714220050.csproj", "{EE786B1B-C56B-4A9D-AAEB-34E44F67F8A8}"
EndProject
Global
	GlobalSection(SolutionConfigurationPlatforms) = preSolution
		Debug|Any CPU = Debug|Any CPU
		Release|Any CPU = Release|Any CPU
	EndGlobalSection
	GlobalSection(ProjectConfigurationPlatforms) = postSolution
		{EE786B1B-C56B-4A9D-AAEB-34E44F67F8A8}.Debug|Any CPU.ActiveCfg = Debug|Any CPU
		{EE786B1B-C56B-4A9D-AAEB-34E44F67F8A8}.Debug|Any CPU.Build.0 = Debug|Any CPU
		{EE786B1B-C56B-4A9D-AAEB-34E44F67F8A8}.Release|Any CPU.ActiveCfg = Release|Any CPU
		{EE786B1B-C56B-4A9D-AAEB-34E44F67F8A8}.Release|Any CPU.Build.0 = Release|Any CPU
	EndGlobalSection
	GlobalSection(SolutionProperties) = preSolution
		HideSolutionNode = FALSE
	EndGlobalSection
	GlobalSection(ExtensibilityGlobals) = postSolution
		SolutionGuid = {6B433B47-29F6-4EFE-82FC-A7D2C81B0495}
	EndGlobalSection
EndGlobal
