
Microsoft Visual Studio Solution File, Format Version 12.00
# Visual Studio Version 17
VisualStudioVersion = 17.7.34031.279
MinimumVisualStudioVersion = 10.0.40219.1
Project("{FAE04EC0-301F-11D3-BF4B-00C04F79EFBC}") = "P3_2_714220050", "P3_2_714220050\P3_2_714220050.csproj", "{FC3DA7F4-CB49-4C4F-B7DC-8F67B20B9393}"
EndProject
Global
	GlobalSection(SolutionConfigurationPlatforms) = preSolution
		Debug|Any CPU = Debug|Any CPU
		Release|Any CPU = Release|Any CPU
	EndGlobalSection
	GlobalSection(ProjectConfigurationPlatforms) = postSolution
		{FC3DA7F4-CB49-4C4F-B7DC-8F67B20B9393}.Debug|Any CPU.ActiveCfg = Debug|Any CPU
		{FC3DA7F4-CB49-4C4F-B7DC-8F67B20B9393}.Debug|Any CPU.Build.0 = Debug|Any CPU
		{FC3DA7F4-CB49-4C4F-B7DC-8F67B20B9393}.Release|Any CPU.ActiveCfg = Release|Any CPU
		{FC3DA7F4-CB49-4C4F-B7DC-8F67B20B9393}.Release|Any CPU.Build.0 = Release|Any CPU
	EndGlobalSection
	GlobalSection(SolutionProperties) = preSolution
		HideSolutionNode = FALSE
	EndGlobalSection
	GlobalSection(ExtensibilityGlobals) = postSolution
		SolutionGuid = {3E063B93-7271-4E45-A65D-6FBD835126A7}
	EndGlobalSection
EndGlobal
