
Microsoft Visual Studio Solution File, Format Version 12.00
# Visual Studio Version 17
VisualStudioVersion = 17.7.34031.279
MinimumVisualStudioVersion = 10.0.40219.1
Project("{FAE04EC0-301F-11D3-BF4B-00C04F79EFBC}") = "P5_3_71422050", "P5_3_71422050\P5_3_71422050.csproj", "{1DC8B250-184A-4A2F-ABA9-985CCFC946DC}"
EndProject
Global
	GlobalSection(SolutionConfigurationPlatforms) = preSolution
		Debug|Any CPU = Debug|Any CPU
		Release|Any CPU = Release|Any CPU
	EndGlobalSection
	GlobalSection(ProjectConfigurationPlatforms) = postSolution
		{1DC8B250-184A-4A2F-ABA9-985CCFC946DC}.Debug|Any CPU.ActiveCfg = Debug|Any CPU
		{1DC8B250-184A-4A2F-ABA9-985CCFC946DC}.Debug|Any CPU.Build.0 = Debug|Any CPU
		{1DC8B250-184A-4A2F-ABA9-985CCFC946DC}.Release|Any CPU.ActiveCfg = Release|Any CPU
		{1DC8B250-184A-4A2F-ABA9-985CCFC946DC}.Release|Any CPU.Build.0 = Release|Any CPU
	EndGlobalSection
	GlobalSection(SolutionProperties) = preSolution
		HideSolutionNode = FALSE
	EndGlobalSection
	GlobalSection(ExtensibilityGlobals) = postSolution
		SolutionGuid = {A8D2AF5F-8CF2-4B9B-9D86-8D311CEBBE4D}
	EndGlobalSection
EndGlobal
